// !$*UTF8*$!
{
	archiveVersion = 1;
	classes = {
	};
	objectVersion = 46;
	objects = {

/* Begin PBXBuildFile section */
		9F4412E6163D9E5C00F3C645 /* UIKit.framework in Frameworks */ = {isa = PBXBuildFile; fileRef = 9F4412E5163D9E5C00F3C645 /* UIKit.framework */; };
		9F4412E8163D9E5C00F3C645 /* Foundation.framework in Frameworks */ = {isa = PBXBuildFile; fileRef = 9F4412E7163D9E5C00F3C645 /* Foundation.framework */; };
		9F4412EA163D9E5C00F3C645 /* CoreGraphics.framework in Frameworks */ = {isa = PBXBuildFile; fileRef = 9F4412E9163D9E5C00F3C645 /* CoreGraphics.framework */; };
		9F4412F0163D9E5C00F3C645 /* InfoPlist.strings in Resources */ = {isa = PBXBuildFile; fileRef = 9F4412EE163D9E5C00F3C645 /* InfoPlist.strings */; };
		9F4412F2163D9E5C00F3C645 /* main.m in Sources */ = {isa = PBXBuildFile; fileRef = 9F4412F1163D9E5C00F3C645 /* main.m */; };
		9F4412F6163D9E5C00F3C645 /* BWCAppDelegate.m in Sources */ = {isa = PBXBuildFile; fileRef = 9F4412F5163D9E5C00F3C645 /* BWCAppDelegate.m */; };
		9F4412F8163D9E5C00F3C645 /* Default.png in Resources */ = {isa = PBXBuildFile; fileRef = 9F4412F7163D9E5C00F3C645 /* Default.png */; };
		9F4412FA163D9E5C00F3C645 /* Default@2x.png in Resources */ = {isa = PBXBuildFile; fileRef = 9F4412F9163D9E5C00F3C645 /* Default@2x.png */; };
		9F4412FC163D9E5C00F3C645 /* Default-568h@2x.png in Resources */ = {isa = PBXBuildFile; fileRef = 9F4412FB163D9E5C00F3C645 /* Default-568h@2x.png */; };
		9F4412FF163D9E5C00F3C645 /* MainStoryboard.storyboard in Resources */ = {isa = PBXBuildFile; fileRef = 9F4412FD163D9E5C00F3C645 /* MainStoryboard.storyboard */; };
		9F441302163D9E5C00F3C645 /* BWCViewController.m in Sources */ = {isa = PBXBuildFile; fileRef = 9F441301163D9E5C00F3C645 /* BWCViewController.m */; };
		9F5D20A5164411EC0070A450 /* BWCArticleViewController.m in Sources */ = {isa = PBXBuildFile; fileRef = 9F5D20A3164411EC0070A450 /* BWCArticleViewController.m */; };
		9F5D20A6164411EC0070A450 /* BWCArticleViewController.xib in Resources */ = {isa = PBXBuildFile; fileRef = 9F5D20A4164411EC0070A450 /* BWCArticleViewController.xib */; };
		9F5D20B91644310F0070A450 /* AudioPlayerViewController.m in Sources */ = {isa = PBXBuildFile; fileRef = 9F5D20B61644310F0070A450 /* AudioPlayerViewController.m */; settings = {COMPILER_FLAGS = "-fno-objc-arc"; }; };
		9F5D20BA1644310F0070A450 /* AudioStreamer.m in Sources */ = {isa = PBXBuildFile; fileRef = 9F5D20B81644310F0070A450 /* AudioStreamer.m */; settings = {COMPILER_FLAGS = "-fno-objc-arc"; }; };
		9F5D20BC1644315F0070A450 /* CFNetwork.framework in Frameworks */ = {isa = PBXBuildFile; fileRef = 9F5D20BB1644315F0070A450 /* CFNetwork.framework */; };
		9F5D20C2164431950070A450 /* CoreMedia.framework in Frameworks */ = {isa = PBXBuildFile; fileRef = 9F5D20C1164431950070A450 /* CoreMedia.framework */; };
		9F5D20C41644319A0070A450 /* AVFoundation.framework in Frameworks */ = {isa = PBXBuildFile; fileRef = 9F5D20C31644319A0070A450 /* AVFoundation.framework */; };
		9F5D20C6164431A50070A450 /* AudioToolbox.framework in Frameworks */ = {isa = PBXBuildFile; fileRef = 9F5D20C5164431A50070A450 /* AudioToolbox.framework */; };
		9F5D20C9164431EE0070A450 /* UIDevice-Hardware.m in Sources */ = {isa = PBXBuildFile; fileRef = 9F5D20C8164431EE0070A450 /* UIDevice-Hardware.m */; };
		9F5D20CB1644329C0070A450 /* SystemConfiguration.framework in Frameworks */ = {isa = PBXBuildFile; fileRef = 9F5D20CA1644329C0070A450 /* SystemConfiguration.framework */; };
		9F5D20CD164432BB0070A450 /* QuartzCore.framework in Frameworks */ = {isa = PBXBuildFile; fileRef = 9F5D20CC164432BB0070A450 /* QuartzCore.framework */; };
		9F5D20CF164432E80070A450 /* AudioPlayerView.xib in Resources */ = {isa = PBXBuildFile; fileRef = 9F5D20CE164432E80070A450 /* AudioPlayerView.xib */; };
		9F5D20D4164432FE0070A450 /* pausebutton.png in Resources */ = {isa = PBXBuildFile; fileRef = 9F5D20D0164432FE0070A450 /* pausebutton.png */; };
		9F5D20D5164432FE0070A450 /* pausebutton@2x.png in Resources */ = {isa = PBXBuildFile; fileRef = 9F5D20D1164432FE0070A450 /* pausebutton@2x.png */; };
		9F5D20E01644366D0070A450 /* BWCOnDemandViewController.m in Sources */ = {isa = PBXBuildFile; fileRef = 9F5D20DE1644366C0070A450 /* BWCOnDemandViewController.m */; };
		9F5D20E11644366D0070A450 /* BWCOnDemandViewController.xib in Resources */ = {isa = PBXBuildFile; fileRef = 9F5D20DF1644366C0070A450 /* BWCOnDemandViewController.xib */; };
		E4D3007A1649AC7C00648B03 /* AFKPageFlipper.m in Sources */ = {isa = PBXBuildFile; fileRef = E4D300501649AC7C00648B03 /* AFKPageFlipper.m */; settings = {COMPILER_FLAGS = "-fno-objc-arc"; }; };
		E4D3007B1649AC7C00648B03 /* close-popup.png in Resources */ = {isa = PBXBuildFile; fileRef = E4D300511649AC7C00648B03 /* close-popup.png */; };
		E4D3007C1649AC7C00648B03 /* flip-illusion-oriented.jpg in Resources */ = {isa = PBXBuildFile; fileRef = E4D300531649AC7C00648B03 /* flip-illusion-oriented.jpg */; };
		E4D3007D1649AC7C00648B03 /* flip-illusion.png in Resources */ = {isa = PBXBuildFile; fileRef = E4D300541649AC7C00648B03 /* flip-illusion.png */; };
		E4D3007F1649AC7C00648B03 /* FooterView.m in Sources */ = {isa = PBXBuildFile; fileRef = E4D300581649AC7C00648B03 /* FooterView.m */; settings = {COMPILER_FLAGS = "-fno-objc-arc"; }; };
		E4D300801649AC7C00648B03 /* FullScreenView.m in Sources */ = {isa = PBXBuildFile; fileRef = E4D3005A1649AC7C00648B03 /* FullScreenView.m */; settings = {COMPILER_FLAGS = "-fno-objc-arc"; }; };
		E4D300811649AC7C00648B03 /* HeaderView.m in Sources */ = {isa = PBXBuildFile; fileRef = E4D3005C1649AC7C00648B03 /* HeaderView.m */; settings = {COMPILER_FLAGS = "-fno-objc-arc"; }; };
		E4D300821649AC7C00648B03 /* Layout1.m in Sources */ = {isa = PBXBuildFile; fileRef = E4D3005E1649AC7C00648B03 /* Layout1.m */; settings = {COMPILER_FLAGS = "-fno-objc-arc"; }; };
		E4D300831649AC7C00648B03 /* Layout2.m in Sources */ = {isa = PBXBuildFile; fileRef = E4D300601649AC7C00648B03 /* Layout2.m */; settings = {COMPILER_FLAGS = "-fno-objc-arc"; }; };
		E4D300841649AC7C00648B03 /* Layout3.m in Sources */ = {isa = PBXBuildFile; fileRef = E4D300621649AC7C00648B03 /* Layout3.m */; settings = {COMPILER_FLAGS = "-fno-objc-arc"; }; };
		E4D300851649AC7C00648B03 /* Layout4.m in Sources */ = {isa = PBXBuildFile; fileRef = E4D300641649AC7C00648B03 /* Layout4.m */; settings = {COMPILER_FLAGS = "-fno-objc-arc"; }; };
		E4D300861649AC7C00648B03 /* Layout5.m in Sources */ = {isa = PBXBuildFile; fileRef = E4D300661649AC7C00648B03 /* Layout5.m */; settings = {COMPILER_FLAGS = "-fno-objc-arc"; }; };
		E4D300871649AC7C00648B03 /* Layout6.m in Sources */ = {isa = PBXBuildFile; fileRef = E4D300681649AC7C00648B03 /* Layout6.m */; settings = {COMPILER_FLAGS = "-fno-objc-arc"; }; };
		E4D300881649AC7C00648B03 /* Layout7.m in Sources */ = {isa = PBXBuildFile; fileRef = E4D3006A1649AC7C00648B03 /* Layout7.m */; settings = {COMPILER_FLAGS = "-fno-objc-arc"; }; };
		E4D300891649AC7C00648B03 /* Layout8.m in Sources */ = {isa = PBXBuildFile; fileRef = E4D3006C1649AC7C00648B03 /* Layout8.m */; settings = {COMPILER_FLAGS = "-fno-objc-arc"; }; };
		E4D3008A1649AC7C00648B03 /* LayoutViewExtention.m in Sources */ = {isa = PBXBuildFile; fileRef = E4D3006E1649AC7C00648B03 /* LayoutViewExtention.m */; settings = {COMPILER_FLAGS = "-fno-objc-arc"; }; };
		E4D3008B1649AC7C00648B03 /* MessageModel.m in Sources */ = {isa = PBXBuildFile; fileRef = E4D300701649AC7C00648B03 /* MessageModel.m */; settings = {COMPILER_FLAGS = "-fno-objc-arc"; }; };
		E4D3008C1649AC7C00648B03 /* missing-people.png in Resources */ = {isa = PBXBuildFile; fileRef = E4D300711649AC7C00648B03 /* missing-people.png */; };
		E4D3008D1649AC7C00648B03 /* selected-page.png in Resources */ = {isa = PBXBuildFile; fileRef = E4D300721649AC7C00648B03 /* selected-page.png */; };
		E4D3008E1649AC7C00648B03 /* TitleAndTextView.m in Sources */ = {isa = PBXBuildFile; fileRef = E4D300741649AC7C00648B03 /* TitleAndTextView.m */; settings = {COMPILER_FLAGS = "-fno-objc-arc"; }; };
		E4D3008F1649AC7C00648B03 /* UIViewExtention.m in Sources */ = {isa = PBXBuildFile; fileRef = E4D300761649AC7C00648B03 /* UIViewExtention.m */; settings = {COMPILER_FLAGS = "-fno-objc-arc"; }; };
		E4D300901649AC7C00648B03 /* unselected-page.png in Resources */ = {isa = PBXBuildFile; fileRef = E4D300771649AC7C00648B03 /* unselected-page.png */; };
		E4D300911649AC7C00648B03 /* WallViewController.m in Sources */ = {isa = PBXBuildFile; fileRef = E4D300791649AC7C00648B03 /* WallViewController.m */; settings = {COMPILER_FLAGS = "-fno-objc-arc"; }; };
		9F6EAC7616497F7900F0A878 /* playbutton.png in Resources */ = {isa = PBXBuildFile; fileRef = 9F6EAC7416497F7900F0A878 /* playbutton.png */; };
		9F6EAC7716497F7900F0A878 /* playbutton@2x.png in Resources */ = {isa = PBXBuildFile; fileRef = 9F6EAC7516497F7900F0A878 /* playbutton@2x.png */; };
		9F6EAC791649817000F0A878 /* Default-Portrait~ipad.png in Resources */ = {isa = PBXBuildFile; fileRef = 9F6EAC781649817000F0A878 /* Default-Portrait~ipad.png */; };
		9F6EAC7B1649817800F0A878 /* Default-Portrait@2x~ipad.png in Resources */ = {isa = PBXBuildFile; fileRef = 9F6EAC7A1649817800F0A878 /* Default-Portrait@2x~ipad.png */; };
		9F6EAC821649A10100F0A878 /* KPCC_logo.png in Resources */ = {isa = PBXBuildFile; fileRef = 9F6EAC811649A10100F0A878 /* KPCC_logo.png */; };
		9F6EAC851649A3B300F0A878 /* loadingbutton.png in Resources */ = {isa = PBXBuildFile; fileRef = 9F6EAC831649A3B300F0A878 /* loadingbutton.png */; };
		9F6EAC861649A3B300F0A878 /* loadingbutton@2x.png in Resources */ = {isa = PBXBuildFile; fileRef = 9F6EAC841649A3B300F0A878 /* loadingbutton@2x.png */; };
		9F6EAC911649A78000F0A878 /* PinchLayout.m in Sources */ = {isa = PBXBuildFile; fileRef = 9F6EAC901649A78000F0A878 /* PinchLayout.m */; };
		9F6EAC991649ABB000F0A878 /* Cell.m in Sources */ = {isa = PBXBuildFile; fileRef = 9F6EAC981649ABB000F0A878 /* Cell.m */; };
		9F6EACA11649B16A00F0A878 /* item_1.png in Resources */ = {isa = PBXBuildFile; fileRef = 9F6EAC9E1649B16A00F0A878 /* item_1.png */; };
		9F6EACA21649B16A00F0A878 /* item_2.png in Resources */ = {isa = PBXBuildFile; fileRef = 9F6EAC9F1649B16A00F0A878 /* item_2.png */; };
		9F6EACA31649B16A00F0A878 /* item_3.png in Resources */ = {isa = PBXBuildFile; fileRef = 9F6EACA01649B16A00F0A878 /* item_3.png */; };
		E4E35D521648C40C00ECACEC /* SDImageCache.m in Sources */ = {isa = PBXBuildFile; fileRef = E4E35D3D1648C40C00ECACEC /* SDImageCache.m */; };
		E4E35D531648C40C00ECACEC /* SDWebImageDecoder.m in Sources */ = {isa = PBXBuildFile; fileRef = E4E35D411648C40C00ECACEC /* SDWebImageDecoder.m */; };
		E4E35D541648C40C00ECACEC /* SDWebImageDownloader.m in Sources */ = {isa = PBXBuildFile; fileRef = E4E35D431648C40C00ECACEC /* SDWebImageDownloader.m */; };
		E4E35D551648C40C00ECACEC /* SDWebImageManager.m in Sources */ = {isa = PBXBuildFile; fileRef = E4E35D461648C40C00ECACEC /* SDWebImageManager.m */; };
		E4E35D561648C40C00ECACEC /* SDWebImagePrefetcher.m in Sources */ = {isa = PBXBuildFile; fileRef = E4E35D491648C40C00ECACEC /* SDWebImagePrefetcher.m */; };
		E4E35D571648C40C00ECACEC /* UIButton+WebCache.m in Sources */ = {isa = PBXBuildFile; fileRef = E4E35D4B1648C40C00ECACEC /* UIButton+WebCache.m */; };
		E4E35D581648C40C00ECACEC /* UIDevice-Hardware.m in Sources */ = {isa = PBXBuildFile; fileRef = E4E35D4D1648C40C00ECACEC /* UIDevice-Hardware.m */; };
		E4E35D591648C40C00ECACEC /* UIImage+animatedGIF.m in Sources */ = {isa = PBXBuildFile; fileRef = E4E35D4F1648C40C00ECACEC /* UIImage+animatedGIF.m */; };
		E4E35D5A1648C40C00ECACEC /* UIImageView+WebCache.m in Sources */ = {isa = PBXBuildFile; fileRef = E4E35D511648C40C00ECACEC /* UIImageView+WebCache.m */; };
		E4E35D741648C66000ECACEC /* ImageIO.framework in Frameworks */ = {isa = PBXBuildFile; fileRef = E4E35D731648C66000ECACEC /* ImageIO.framework */; };
		E4E35D7D1648C8F200ECACEC /* MWFeedInfo.m in Sources */ = {isa = PBXBuildFile; fileRef = E4E35D771648C8F200ECACEC /* MWFeedInfo.m */; settings = {COMPILER_FLAGS = "-fno-objc-arc"; }; };
		E4E35D7E1648C8F200ECACEC /* MWFeedItem.m in Sources */ = {isa = PBXBuildFile; fileRef = E4E35D791648C8F200ECACEC /* MWFeedItem.m */; settings = {COMPILER_FLAGS = "-fno-objc-arc"; }; };
		E4E35D7F1648C8F200ECACEC /* MWFeedParser.m in Sources */ = {isa = PBXBuildFile; fileRef = E4E35D7C1648C8F200ECACEC /* MWFeedParser.m */; settings = {COMPILER_FLAGS = "-fno-objc-arc"; }; };
/* End PBXBuildFile section */

/* Begin PBXFileReference section */
		9F4412E1163D9E5C00F3C645 /* KPCCmashup.app */ = {isa = PBXFileReference; explicitFileType = wrapper.application; includeInIndex = 0; path = KPCCmashup.app; sourceTree = BUILT_PRODUCTS_DIR; };
		9F4412E5163D9E5C00F3C645 /* UIKit.framework */ = {isa = PBXFileReference; lastKnownFileType = wrapper.framework; name = UIKit.framework; path = System/Library/Frameworks/UIKit.framework; sourceTree = SDKROOT; };
		9F4412E7163D9E5C00F3C645 /* Foundation.framework */ = {isa = PBXFileReference; lastKnownFileType = wrapper.framework; name = Foundation.framework; path = System/Library/Frameworks/Foundation.framework; sourceTree = SDKROOT; };
		9F4412E9163D9E5C00F3C645 /* CoreGraphics.framework */ = {isa = PBXFileReference; lastKnownFileType = wrapper.framework; name = CoreGraphics.framework; path = System/Library/Frameworks/CoreGraphics.framework; sourceTree = SDKROOT; };
		9F4412ED163D9E5C00F3C645 /* KPCCmashup-Info.plist */ = {isa = PBXFileReference; lastKnownFileType = text.plist.xml; path = "KPCCmashup-Info.plist"; sourceTree = "<group>"; };
		9F4412EF163D9E5C00F3C645 /* en */ = {isa = PBXFileReference; lastKnownFileType = text.plist.strings; name = en; path = en.lproj/InfoPlist.strings; sourceTree = "<group>"; };
		9F4412F1163D9E5C00F3C645 /* main.m */ = {isa = PBXFileReference; lastKnownFileType = sourcecode.c.objc; path = main.m; sourceTree = "<group>"; };
		9F4412F3163D9E5C00F3C645 /* KPCCmashup-Prefix.pch */ = {isa = PBXFileReference; lastKnownFileType = sourcecode.c.h; path = "KPCCmashup-Prefix.pch"; sourceTree = "<group>"; };
		9F4412F4163D9E5C00F3C645 /* BWCAppDelegate.h */ = {isa = PBXFileReference; lastKnownFileType = sourcecode.c.h; path = BWCAppDelegate.h; sourceTree = "<group>"; };
		9F4412F5163D9E5C00F3C645 /* BWCAppDelegate.m */ = {isa = PBXFileReference; lastKnownFileType = sourcecode.c.objc; path = BWCAppDelegate.m; sourceTree = "<group>"; };
		9F4412F7163D9E5C00F3C645 /* Default.png */ = {isa = PBXFileReference; lastKnownFileType = image.png; path = Default.png; sourceTree = "<group>"; };
		9F4412F9163D9E5C00F3C645 /* Default@2x.png */ = {isa = PBXFileReference; lastKnownFileType = image.png; path = "Default@2x.png"; sourceTree = "<group>"; };
		9F4412FB163D9E5C00F3C645 /* Default-568h@2x.png */ = {isa = PBXFileReference; lastKnownFileType = image.png; path = "Default-568h@2x.png"; sourceTree = "<group>"; };
		9F4412FE163D9E5C00F3C645 /* en */ = {isa = PBXFileReference; lastKnownFileType = file.storyboard; name = en; path = en.lproj/MainStoryboard.storyboard; sourceTree = "<group>"; };
		9F441300163D9E5C00F3C645 /* BWCViewController.h */ = {isa = PBXFileReference; lastKnownFileType = sourcecode.c.h; path = BWCViewController.h; sourceTree = "<group>"; };
		9F441301163D9E5C00F3C645 /* BWCViewController.m */ = {isa = PBXFileReference; lastKnownFileType = sourcecode.c.objc; path = BWCViewController.m; sourceTree = "<group>"; };
		9F5D20A2164411EC0070A450 /* BWCArticleViewController.h */ = {isa = PBXFileReference; fileEncoding = 4; lastKnownFileType = sourcecode.c.h; path = BWCArticleViewController.h; sourceTree = "<group>"; };
		9F5D20A3164411EC0070A450 /* BWCArticleViewController.m */ = {isa = PBXFileReference; fileEncoding = 4; lastKnownFileType = sourcecode.c.objc; path = BWCArticleViewController.m; sourceTree = "<group>"; };
		9F5D20A4164411EC0070A450 /* BWCArticleViewController.xib */ = {isa = PBXFileReference; fileEncoding = 4; lastKnownFileType = file.xib; path = BWCArticleViewController.xib; sourceTree = "<group>"; };
		9F5D20B51644310F0070A450 /* AudioPlayerViewController.h */ = {isa = PBXFileReference; fileEncoding = 4; lastKnownFileType = sourcecode.c.h; path = AudioPlayerViewController.h; sourceTree = "<group>"; };
		9F5D20B61644310F0070A450 /* AudioPlayerViewController.m */ = {isa = PBXFileReference; fileEncoding = 4; lastKnownFileType = sourcecode.c.objc; path = AudioPlayerViewController.m; sourceTree = "<group>"; };
		9F5D20B71644310F0070A450 /* AudioStreamer.h */ = {isa = PBXFileReference; fileEncoding = 4; lastKnownFileType = sourcecode.c.h; path = AudioStreamer.h; sourceTree = "<group>"; };
		9F5D20B81644310F0070A450 /* AudioStreamer.m */ = {isa = PBXFileReference; fileEncoding = 4; lastKnownFileType = sourcecode.c.objc; path = AudioStreamer.m; sourceTree = "<group>"; };
		9F5D20BB1644315F0070A450 /* CFNetwork.framework */ = {isa = PBXFileReference; lastKnownFileType = wrapper.framework; name = CFNetwork.framework; path = System/Library/Frameworks/CFNetwork.framework; sourceTree = SDKROOT; };
		9F5D20C1164431950070A450 /* CoreMedia.framework */ = {isa = PBXFileReference; lastKnownFileType = wrapper.framework; name = CoreMedia.framework; path = System/Library/Frameworks/CoreMedia.framework; sourceTree = SDKROOT; };
		9F5D20C31644319A0070A450 /* AVFoundation.framework */ = {isa = PBXFileReference; lastKnownFileType = wrapper.framework; name = AVFoundation.framework; path = System/Library/Frameworks/AVFoundation.framework; sourceTree = SDKROOT; };
		9F5D20C5164431A50070A450 /* AudioToolbox.framework */ = {isa = PBXFileReference; lastKnownFileType = wrapper.framework; name = AudioToolbox.framework; path = System/Library/Frameworks/AudioToolbox.framework; sourceTree = SDKROOT; };
		9F5D20C7164431EE0070A450 /* UIDevice-Hardware.h */ = {isa = PBXFileReference; fileEncoding = 4; lastKnownFileType = sourcecode.c.h; path = "UIDevice-Hardware.h"; sourceTree = "<group>"; };
		9F5D20C8164431EE0070A450 /* UIDevice-Hardware.m */ = {isa = PBXFileReference; fileEncoding = 4; lastKnownFileType = sourcecode.c.objc; path = "UIDevice-Hardware.m"; sourceTree = "<group>"; };
		9F5D20CA1644329C0070A450 /* SystemConfiguration.framework */ = {isa = PBXFileReference; lastKnownFileType = wrapper.framework; name = SystemConfiguration.framework; path = System/Library/Frameworks/SystemConfiguration.framework; sourceTree = SDKROOT; };
		9F5D20CC164432BB0070A450 /* QuartzCore.framework */ = {isa = PBXFileReference; lastKnownFileType = wrapper.framework; name = QuartzCore.framework; path = System/Library/Frameworks/QuartzCore.framework; sourceTree = SDKROOT; };
		9F5D20CE164432E80070A450 /* AudioPlayerView.xib */ = {isa = PBXFileReference; fileEncoding = 4; lastKnownFileType = file.xib; path = AudioPlayerView.xib; sourceTree = "<group>"; };
		9F5D20D0164432FE0070A450 /* pausebutton.png */ = {isa = PBXFileReference; lastKnownFileType = image.png; path = pausebutton.png; sourceTree = "<group>"; };
		9F5D20D1164432FE0070A450 /* pausebutton@2x.png */ = {isa = PBXFileReference; lastKnownFileType = image.png; path = "pausebutton@2x.png"; sourceTree = "<group>"; };
		9F5D20DD1644366C0070A450 /* BWCOnDemandViewController.h */ = {isa = PBXFileReference; fileEncoding = 4; lastKnownFileType = sourcecode.c.h; path = BWCOnDemandViewController.h; sourceTree = "<group>"; };
		9F5D20DE1644366C0070A450 /* BWCOnDemandViewController.m */ = {isa = PBXFileReference; fileEncoding = 4; lastKnownFileType = sourcecode.c.objc; path = BWCOnDemandViewController.m; sourceTree = "<group>"; };
		9F5D20DF1644366C0070A450 /* BWCOnDemandViewController.xib */ = {isa = PBXFileReference; fileEncoding = 4; lastKnownFileType = file.xib; path = BWCOnDemandViewController.xib; sourceTree = "<group>"; };
		E4D3004F1649AC7C00648B03 /* AFKPageFlipper.h */ = {isa = PBXFileReference; fileEncoding = 4; lastKnownFileType = sourcecode.c.h; name = AFKPageFlipper.h; path = KPCCmashup/FlipView/AFKPageFlipper.h; sourceTree = "<group>"; };
		E4D300501649AC7C00648B03 /* AFKPageFlipper.m */ = {isa = PBXFileReference; fileEncoding = 4; lastKnownFileType = sourcecode.c.objc; name = AFKPageFlipper.m; path = KPCCmashup/FlipView/AFKPageFlipper.m; sourceTree = "<group>"; };
		E4D300511649AC7C00648B03 /* close-popup.png */ = {isa = PBXFileReference; lastKnownFileType = image.png; name = "close-popup.png"; path = "KPCCmashup/FlipView/close-popup.png"; sourceTree = "<group>"; };
		E4D300521649AC7C00648B03 /* ColorHelper.h */ = {isa = PBXFileReference; fileEncoding = 4; lastKnownFileType = sourcecode.c.h; name = ColorHelper.h; path = KPCCmashup/FlipView/ColorHelper.h; sourceTree = "<group>"; };
		E4D300531649AC7C00648B03 /* flip-illusion-oriented.jpg */ = {isa = PBXFileReference; lastKnownFileType = image.jpeg; name = "flip-illusion-oriented.jpg"; path = "KPCCmashup/FlipView/flip-illusion-oriented.jpg"; sourceTree = "<group>"; };
		E4D300541649AC7C00648B03 /* flip-illusion.png */ = {isa = PBXFileReference; lastKnownFileType = image.png; name = "flip-illusion.png"; path = "KPCCmashup/FlipView/flip-illusion.png"; sourceTree = "<group>"; };
		E4D300571649AC7C00648B03 /* FooterView.h */ = {isa = PBXFileReference; fileEncoding = 4; lastKnownFileType = sourcecode.c.h; name = FooterView.h; path = KPCCmashup/FlipView/FooterView.h; sourceTree = "<group>"; };
		E4D300581649AC7C00648B03 /* FooterView.m */ = {isa = PBXFileReference; fileEncoding = 4; lastKnownFileType = sourcecode.c.objc; name = FooterView.m; path = KPCCmashup/FlipView/FooterView.m; sourceTree = "<group>"; };
		E4D300591649AC7C00648B03 /* FullScreenView.h */ = {isa = PBXFileReference; fileEncoding = 4; lastKnownFileType = sourcecode.c.h; name = FullScreenView.h; path = KPCCmashup/FlipView/FullScreenView.h; sourceTree = "<group>"; };
		E4D3005A1649AC7C00648B03 /* FullScreenView.m */ = {isa = PBXFileReference; fileEncoding = 4; lastKnownFileType = sourcecode.c.objc; name = FullScreenView.m; path = KPCCmashup/FlipView/FullScreenView.m; sourceTree = "<group>"; };
		E4D3005B1649AC7C00648B03 /* HeaderView.h */ = {isa = PBXFileReference; fileEncoding = 4; lastKnownFileType = sourcecode.c.h; name = HeaderView.h; path = KPCCmashup/FlipView/HeaderView.h; sourceTree = "<group>"; };
		E4D3005C1649AC7C00648B03 /* HeaderView.m */ = {isa = PBXFileReference; fileEncoding = 4; lastKnownFileType = sourcecode.c.objc; name = HeaderView.m; path = KPCCmashup/FlipView/HeaderView.m; sourceTree = "<group>"; };
		E4D3005D1649AC7C00648B03 /* Layout1.h */ = {isa = PBXFileReference; fileEncoding = 4; lastKnownFileType = sourcecode.c.h; name = Layout1.h; path = KPCCmashup/FlipView/Layout1.h; sourceTree = "<group>"; };
		E4D3005E1649AC7C00648B03 /* Layout1.m */ = {isa = PBXFileReference; fileEncoding = 4; lastKnownFileType = sourcecode.c.objc; name = Layout1.m; path = KPCCmashup/FlipView/Layout1.m; sourceTree = "<group>"; };
		E4D3005F1649AC7C00648B03 /* Layout2.h */ = {isa = PBXFileReference; fileEncoding = 4; lastKnownFileType = sourcecode.c.h; name = Layout2.h; path = KPCCmashup/FlipView/Layout2.h; sourceTree = "<group>"; };
		E4D300601649AC7C00648B03 /* Layout2.m */ = {isa = PBXFileReference; fileEncoding = 4; lastKnownFileType = sourcecode.c.objc; name = Layout2.m; path = KPCCmashup/FlipView/Layout2.m; sourceTree = "<group>"; };
		E4D300611649AC7C00648B03 /* Layout3.h */ = {isa = PBXFileReference; fileEncoding = 4; lastKnownFileType = sourcecode.c.h; name = Layout3.h; path = KPCCmashup/FlipView/Layout3.h; sourceTree = "<group>"; };
		E4D300621649AC7C00648B03 /* Layout3.m */ = {isa = PBXFileReference; fileEncoding = 4; lastKnownFileType = sourcecode.c.objc; name = Layout3.m; path = KPCCmashup/FlipView/Layout3.m; sourceTree = "<group>"; };
		E4D300631649AC7C00648B03 /* Layout4.h */ = {isa = PBXFileReference; fileEncoding = 4; lastKnownFileType = sourcecode.c.h; name = Layout4.h; path = KPCCmashup/FlipView/Layout4.h; sourceTree = "<group>"; };
		E4D300641649AC7C00648B03 /* Layout4.m */ = {isa = PBXFileReference; fileEncoding = 4; lastKnownFileType = sourcecode.c.objc; name = Layout4.m; path = KPCCmashup/FlipView/Layout4.m; sourceTree = "<group>"; };
		E4D300651649AC7C00648B03 /* Layout5.h */ = {isa = PBXFileReference; fileEncoding = 4; lastKnownFileType = sourcecode.c.h; name = Layout5.h; path = KPCCmashup/FlipView/Layout5.h; sourceTree = "<group>"; };
		E4D300661649AC7C00648B03 /* Layout5.m */ = {isa = PBXFileReference; fileEncoding = 4; lastKnownFileType = sourcecode.c.objc; name = Layout5.m; path = KPCCmashup/FlipView/Layout5.m; sourceTree = "<group>"; };
		E4D300671649AC7C00648B03 /* Layout6.h */ = {isa = PBXFileReference; fileEncoding = 4; lastKnownFileType = sourcecode.c.h; name = Layout6.h; path = KPCCmashup/FlipView/Layout6.h; sourceTree = "<group>"; };
		E4D300681649AC7C00648B03 /* Layout6.m */ = {isa = PBXFileReference; fileEncoding = 4; lastKnownFileType = sourcecode.c.objc; name = Layout6.m; path = KPCCmashup/FlipView/Layout6.m; sourceTree = "<group>"; };
		E4D300691649AC7C00648B03 /* Layout7.h */ = {isa = PBXFileReference; fileEncoding = 4; lastKnownFileType = sourcecode.c.h; name = Layout7.h; path = KPCCmashup/FlipView/Layout7.h; sourceTree = "<group>"; };
		E4D3006A1649AC7C00648B03 /* Layout7.m */ = {isa = PBXFileReference; fileEncoding = 4; lastKnownFileType = sourcecode.c.objc; name = Layout7.m; path = KPCCmashup/FlipView/Layout7.m; sourceTree = "<group>"; };
		E4D3006B1649AC7C00648B03 /* Layout8.h */ = {isa = PBXFileReference; fileEncoding = 4; lastKnownFileType = sourcecode.c.h; name = Layout8.h; path = KPCCmashup/FlipView/Layout8.h; sourceTree = "<group>"; };
		E4D3006C1649AC7C00648B03 /* Layout8.m */ = {isa = PBXFileReference; fileEncoding = 4; lastKnownFileType = sourcecode.c.objc; name = Layout8.m; path = KPCCmashup/FlipView/Layout8.m; sourceTree = "<group>"; };
		E4D3006D1649AC7C00648B03 /* LayoutViewExtention.h */ = {isa = PBXFileReference; fileEncoding = 4; lastKnownFileType = sourcecode.c.h; name = LayoutViewExtention.h; path = KPCCmashup/FlipView/LayoutViewExtention.h; sourceTree = "<group>"; };
		E4D3006E1649AC7C00648B03 /* LayoutViewExtention.m */ = {isa = PBXFileReference; fileEncoding = 4; lastKnownFileType = sourcecode.c.objc; name = LayoutViewExtention.m; path = KPCCmashup/FlipView/LayoutViewExtention.m; sourceTree = "<group>"; };
		E4D3006F1649AC7C00648B03 /* MessageModel.h */ = {isa = PBXFileReference; fileEncoding = 4; lastKnownFileType = sourcecode.c.h; name = MessageModel.h; path = KPCCmashup/FlipView/MessageModel.h; sourceTree = "<group>"; };
		E4D300701649AC7C00648B03 /* MessageModel.m */ = {isa = PBXFileReference; fileEncoding = 4; lastKnownFileType = sourcecode.c.objc; name = MessageModel.m; path = KPCCmashup/FlipView/MessageModel.m; sourceTree = "<group>"; };
		E4D300711649AC7C00648B03 /* missing-people.png */ = {isa = PBXFileReference; lastKnownFileType = image.png; name = "missing-people.png"; path = "KPCCmashup/FlipView/missing-people.png"; sourceTree = "<group>"; };
		E4D300721649AC7C00648B03 /* selected-page.png */ = {isa = PBXFileReference; lastKnownFileType = image.png; name = "selected-page.png"; path = "KPCCmashup/FlipView/selected-page.png"; sourceTree = "<group>"; };
		E4D300731649AC7C00648B03 /* TitleAndTextView.h */ = {isa = PBXFileReference; fileEncoding = 4; lastKnownFileType = sourcecode.c.h; name = TitleAndTextView.h; path = KPCCmashup/FlipView/TitleAndTextView.h; sourceTree = "<group>"; };
		E4D300741649AC7C00648B03 /* TitleAndTextView.m */ = {isa = PBXFileReference; fileEncoding = 4; lastKnownFileType = sourcecode.c.objc; name = TitleAndTextView.m; path = KPCCmashup/FlipView/TitleAndTextView.m; sourceTree = "<group>"; };
		E4D300751649AC7C00648B03 /* UIViewExtention.h */ = {isa = PBXFileReference; fileEncoding = 4; lastKnownFileType = sourcecode.c.h; name = UIViewExtention.h; path = KPCCmashup/FlipView/UIViewExtention.h; sourceTree = "<group>"; };
		E4D300761649AC7C00648B03 /* UIViewExtention.m */ = {isa = PBXFileReference; fileEncoding = 4; lastKnownFileType = sourcecode.c.objc; name = UIViewExtention.m; path = KPCCmashup/FlipView/UIViewExtention.m; sourceTree = "<group>"; };
		E4D300771649AC7C00648B03 /* unselected-page.png */ = {isa = PBXFileReference; lastKnownFileType = image.png; name = "unselected-page.png"; path = "KPCCmashup/FlipView/unselected-page.png"; sourceTree = "<group>"; };
		E4D300781649AC7C00648B03 /* WallViewController.h */ = {isa = PBXFileReference; fileEncoding = 4; lastKnownFileType = sourcecode.c.h; name = WallViewController.h; path = KPCCmashup/FlipView/WallViewController.h; sourceTree = "<group>"; };
		E4D300791649AC7C00648B03 /* WallViewController.m */ = {isa = PBXFileReference; fileEncoding = 4; lastKnownFileType = sourcecode.c.objc; name = WallViewController.m; path = KPCCmashup/FlipView/WallViewController.m; sourceTree = "<group>"; };
		9F6EAC7416497F7900F0A878 /* playbutton.png */ = {isa = PBXFileReference; lastKnownFileType = image.png; path = playbutton.png; sourceTree = "<group>"; };
		9F6EAC7516497F7900F0A878 /* playbutton@2x.png */ = {isa = PBXFileReference; lastKnownFileType = image.png; path = "playbutton@2x.png"; sourceTree = "<group>"; };
		9F6EAC781649817000F0A878 /* Default-Portrait~ipad.png */ = {isa = PBXFileReference; lastKnownFileType = image.png; name = "Default-Portrait~ipad.png"; path = "../Default-Portrait~ipad.png"; sourceTree = "<group>"; };
		9F6EAC7A1649817800F0A878 /* Default-Portrait@2x~ipad.png */ = {isa = PBXFileReference; lastKnownFileType = image.png; name = "Default-Portrait@2x~ipad.png"; path = "../Default-Portrait@2x~ipad.png"; sourceTree = "<group>"; };
		9F6EAC811649A10100F0A878 /* KPCC_logo.png */ = {isa = PBXFileReference; lastKnownFileType = image.png; path = KPCC_logo.png; sourceTree = "<group>"; };
		9F6EAC831649A3B300F0A878 /* loadingbutton.png */ = {isa = PBXFileReference; lastKnownFileType = image.png; path = loadingbutton.png; sourceTree = "<group>"; };
		9F6EAC841649A3B300F0A878 /* loadingbutton@2x.png */ = {isa = PBXFileReference; lastKnownFileType = image.png; path = "loadingbutton@2x.png"; sourceTree = "<group>"; };
		9F6EAC8F1649A78000F0A878 /* PinchLayout.h */ = {isa = PBXFileReference; fileEncoding = 4; lastKnownFileType = sourcecode.c.h; path = PinchLayout.h; sourceTree = "<group>"; };
		9F6EAC901649A78000F0A878 /* PinchLayout.m */ = {isa = PBXFileReference; fileEncoding = 4; lastKnownFileType = sourcecode.c.objc; path = PinchLayout.m; sourceTree = "<group>"; };
		9F6EAC971649ABB000F0A878 /* Cell.h */ = {isa = PBXFileReference; fileEncoding = 4; lastKnownFileType = sourcecode.c.h; path = Cell.h; sourceTree = "<group>"; };
		9F6EAC981649ABB000F0A878 /* Cell.m */ = {isa = PBXFileReference; fileEncoding = 4; lastKnownFileType = sourcecode.c.objc; path = Cell.m; sourceTree = "<group>"; };
		9F6EAC9E1649B16A00F0A878 /* item_1.png */ = {isa = PBXFileReference; lastKnownFileType = image.png; path = item_1.png; sourceTree = "<group>"; };
		9F6EAC9F1649B16A00F0A878 /* item_2.png */ = {isa = PBXFileReference; lastKnownFileType = image.png; path = item_2.png; sourceTree = "<group>"; };
		9F6EACA01649B16A00F0A878 /* item_3.png */ = {isa = PBXFileReference; lastKnownFileType = image.png; path = item_3.png; sourceTree = "<group>"; };
		E4E35D3C1648C40C00ECACEC /* SDImageCache.h */ = {isa = PBXFileReference; fileEncoding = 4; lastKnownFileType = sourcecode.c.h; name = SDImageCache.h; path = External/SDWebImage/SDImageCache.h; sourceTree = "<group>"; };
		E4E35D3D1648C40C00ECACEC /* SDImageCache.m */ = {isa = PBXFileReference; fileEncoding = 4; lastKnownFileType = sourcecode.c.objc; name = SDImageCache.m; path = External/SDWebImage/SDImageCache.m; sourceTree = "<group>"; };
		E4E35D3E1648C40C00ECACEC /* SDImageCacheDelegate.h */ = {isa = PBXFileReference; fileEncoding = 4; lastKnownFileType = sourcecode.c.h; name = SDImageCacheDelegate.h; path = External/SDWebImage/SDImageCacheDelegate.h; sourceTree = "<group>"; };
		E4E35D3F1648C40C00ECACEC /* SDWebImageCompat.h */ = {isa = PBXFileReference; fileEncoding = 4; lastKnownFileType = sourcecode.c.h; name = SDWebImageCompat.h; path = External/SDWebImage/SDWebImageCompat.h; sourceTree = "<group>"; };
		E4E35D401648C40C00ECACEC /* SDWebImageDecoder.h */ = {isa = PBXFileReference; fileEncoding = 4; lastKnownFileType = sourcecode.c.h; name = SDWebImageDecoder.h; path = External/SDWebImage/SDWebImageDecoder.h; sourceTree = "<group>"; };
		E4E35D411648C40C00ECACEC /* SDWebImageDecoder.m */ = {isa = PBXFileReference; fileEncoding = 4; lastKnownFileType = sourcecode.c.objc; name = SDWebImageDecoder.m; path = External/SDWebImage/SDWebImageDecoder.m; sourceTree = "<group>"; };
		E4E35D421648C40C00ECACEC /* SDWebImageDownloader.h */ = {isa = PBXFileReference; fileEncoding = 4; lastKnownFileType = sourcecode.c.h; name = SDWebImageDownloader.h; path = External/SDWebImage/SDWebImageDownloader.h; sourceTree = "<group>"; };
		E4E35D431648C40C00ECACEC /* SDWebImageDownloader.m */ = {isa = PBXFileReference; fileEncoding = 4; lastKnownFileType = sourcecode.c.objc; name = SDWebImageDownloader.m; path = External/SDWebImage/SDWebImageDownloader.m; sourceTree = "<group>"; };
		E4E35D441648C40C00ECACEC /* SDWebImageDownloaderDelegate.h */ = {isa = PBXFileReference; fileEncoding = 4; lastKnownFileType = sourcecode.c.h; name = SDWebImageDownloaderDelegate.h; path = External/SDWebImage/SDWebImageDownloaderDelegate.h; sourceTree = "<group>"; };
		E4E35D451648C40C00ECACEC /* SDWebImageManager.h */ = {isa = PBXFileReference; fileEncoding = 4; lastKnownFileType = sourcecode.c.h; name = SDWebImageManager.h; path = External/SDWebImage/SDWebImageManager.h; sourceTree = "<group>"; };
		E4E35D461648C40C00ECACEC /* SDWebImageManager.m */ = {isa = PBXFileReference; fileEncoding = 4; lastKnownFileType = sourcecode.c.objc; name = SDWebImageManager.m; path = External/SDWebImage/SDWebImageManager.m; sourceTree = "<group>"; };
		E4E35D471648C40C00ECACEC /* SDWebImageManagerDelegate.h */ = {isa = PBXFileReference; fileEncoding = 4; lastKnownFileType = sourcecode.c.h; name = SDWebImageManagerDelegate.h; path = External/SDWebImage/SDWebImageManagerDelegate.h; sourceTree = "<group>"; };
		E4E35D481648C40C00ECACEC /* SDWebImagePrefetcher.h */ = {isa = PBXFileReference; fileEncoding = 4; lastKnownFileType = sourcecode.c.h; name = SDWebImagePrefetcher.h; path = External/SDWebImage/SDWebImagePrefetcher.h; sourceTree = "<group>"; };
		E4E35D491648C40C00ECACEC /* SDWebImagePrefetcher.m */ = {isa = PBXFileReference; fileEncoding = 4; lastKnownFileType = sourcecode.c.objc; name = SDWebImagePrefetcher.m; path = External/SDWebImage/SDWebImagePrefetcher.m; sourceTree = "<group>"; };
		E4E35D4A1648C40C00ECACEC /* UIButton+WebCache.h */ = {isa = PBXFileReference; fileEncoding = 4; lastKnownFileType = sourcecode.c.h; name = "UIButton+WebCache.h"; path = "External/SDWebImage/UIButton+WebCache.h"; sourceTree = "<group>"; };
		E4E35D4B1648C40C00ECACEC /* UIButton+WebCache.m */ = {isa = PBXFileReference; fileEncoding = 4; lastKnownFileType = sourcecode.c.objc; name = "UIButton+WebCache.m"; path = "External/SDWebImage/UIButton+WebCache.m"; sourceTree = "<group>"; };
		E4E35D4C1648C40C00ECACEC /* UIDevice-Hardware.h */ = {isa = PBXFileReference; fileEncoding = 4; lastKnownFileType = sourcecode.c.h; name = "UIDevice-Hardware.h"; path = "External/SDWebImage/UIDevice-Hardware.h"; sourceTree = "<group>"; };
		E4E35D4D1648C40C00ECACEC /* UIDevice-Hardware.m */ = {isa = PBXFileReference; fileEncoding = 4; lastKnownFileType = sourcecode.c.objc; name = "UIDevice-Hardware.m"; path = "External/SDWebImage/UIDevice-Hardware.m"; sourceTree = "<group>"; };
		E4E35D4E1648C40C00ECACEC /* UIImage+animatedGIF.h */ = {isa = PBXFileReference; fileEncoding = 4; lastKnownFileType = sourcecode.c.h; name = "UIImage+animatedGIF.h"; path = "External/SDWebImage/UIImage+animatedGIF.h"; sourceTree = "<group>"; };
		E4E35D4F1648C40C00ECACEC /* UIImage+animatedGIF.m */ = {isa = PBXFileReference; fileEncoding = 4; lastKnownFileType = sourcecode.c.objc; name = "UIImage+animatedGIF.m"; path = "External/SDWebImage/UIImage+animatedGIF.m"; sourceTree = "<group>"; };
		E4E35D501648C40C00ECACEC /* UIImageView+WebCache.h */ = {isa = PBXFileReference; fileEncoding = 4; lastKnownFileType = sourcecode.c.h; name = "UIImageView+WebCache.h"; path = "External/SDWebImage/UIImageView+WebCache.h"; sourceTree = "<group>"; };
		E4E35D511648C40C00ECACEC /* UIImageView+WebCache.m */ = {isa = PBXFileReference; fileEncoding = 4; lastKnownFileType = sourcecode.c.objc; name = "UIImageView+WebCache.m"; path = "External/SDWebImage/UIImageView+WebCache.m"; sourceTree = "<group>"; };
		E4E35D631648C4AB00ECACEC /* NSString+HTML.h */ = {isa = PBXFileReference; lastKnownFileType = sourcecode.c.h; path = "NSString+HTML.h"; sourceTree = "<group>"; };
		E4E35D641648C4AB00ECACEC /* NSString+HTML.m */ = {isa = PBXFileReference; lastKnownFileType = sourcecode.c.objc; path = "NSString+HTML.m"; sourceTree = "<group>"; };
		E4E35D651648C4AC00ECACEC /* NSDate+InternetDateTime.h */ = {isa = PBXFileReference; lastKnownFileType = sourcecode.c.h; path = "NSDate+InternetDateTime.h"; sourceTree = "<group>"; };
		E4E35D661648C4AC00ECACEC /* NSDate+InternetDateTime.m */ = {isa = PBXFileReference; lastKnownFileType = sourcecode.c.objc; path = "NSDate+InternetDateTime.m"; sourceTree = "<group>"; };
		E4E35D681648C4E700ECACEC /* GTMNSString+HTML.h */ = {isa = PBXFileReference; lastKnownFileType = sourcecode.c.h; path = "GTMNSString+HTML.h"; sourceTree = "<group>"; };
		E4E35D691648C4E700ECACEC /* GTMNSString+HTML.m */ = {isa = PBXFileReference; lastKnownFileType = sourcecode.c.objc; path = "GTMNSString+HTML.m"; sourceTree = "<group>"; };
		E4E35D731648C66000ECACEC /* ImageIO.framework */ = {isa = PBXFileReference; lastKnownFileType = wrapper.framework; name = ImageIO.framework; path = System/Library/Frameworks/ImageIO.framework; sourceTree = SDKROOT; };
		E4E35D761648C8F200ECACEC /* MWFeedInfo.h */ = {isa = PBXFileReference; fileEncoding = 4; lastKnownFileType = sourcecode.c.h; path = MWFeedInfo.h; sourceTree = "<group>"; };
		E4E35D771648C8F200ECACEC /* MWFeedInfo.m */ = {isa = PBXFileReference; fileEncoding = 4; lastKnownFileType = sourcecode.c.objc; path = MWFeedInfo.m; sourceTree = "<group>"; };
		E4E35D781648C8F200ECACEC /* MWFeedItem.h */ = {isa = PBXFileReference; fileEncoding = 4; lastKnownFileType = sourcecode.c.h; path = MWFeedItem.h; sourceTree = "<group>"; };
		E4E35D791648C8F200ECACEC /* MWFeedItem.m */ = {isa = PBXFileReference; fileEncoding = 4; lastKnownFileType = sourcecode.c.objc; path = MWFeedItem.m; sourceTree = "<group>"; };
		E4E35D7A1648C8F200ECACEC /* MWFeedParser_Private.h */ = {isa = PBXFileReference; fileEncoding = 4; lastKnownFileType = sourcecode.c.h; path = MWFeedParser_Private.h; sourceTree = "<group>"; };
		E4E35D7B1648C8F200ECACEC /* MWFeedParser.h */ = {isa = PBXFileReference; fileEncoding = 4; lastKnownFileType = sourcecode.c.h; path = MWFeedParser.h; sourceTree = "<group>"; };
		E4E35D7C1648C8F200ECACEC /* MWFeedParser.m */ = {isa = PBXFileReference; fileEncoding = 4; lastKnownFileType = sourcecode.c.objc; path = MWFeedParser.m; sourceTree = "<group>"; };
/* End PBXFileReference section */

/* Begin PBXFrameworksBuildPhase section */
		9F4412DE163D9E5C00F3C645 /* Frameworks */ = {
			isa = PBXFrameworksBuildPhase;
			buildActionMask = 2147483647;
			files = (
				E4E35D741648C66000ECACEC /* ImageIO.framework in Frameworks */,
				9F5D20CD164432BB0070A450 /* QuartzCore.framework in Frameworks */,
				9F5D20CB1644329C0070A450 /* SystemConfiguration.framework in Frameworks */,
				9F5D20C6164431A50070A450 /* AudioToolbox.framework in Frameworks */,
				9F5D20C41644319A0070A450 /* AVFoundation.framework in Frameworks */,
				9F5D20C2164431950070A450 /* CoreMedia.framework in Frameworks */,
				9F5D20BC1644315F0070A450 /* CFNetwork.framework in Frameworks */,
				9F4412E6163D9E5C00F3C645 /* UIKit.framework in Frameworks */,
				9F4412E8163D9E5C00F3C645 /* Foundation.framework in Frameworks */,
				9F4412EA163D9E5C00F3C645 /* CoreGraphics.framework in Frameworks */,
			);
			runOnlyForDeploymentPostprocessing = 0;
		};
/* End PBXFrameworksBuildPhase section */

/* Begin PBXGroup section */
		9F4412D6163D9E5C00F3C645 = {
			isa = PBXGroup;
			children = (
				E4D3004D1649A61600648B03 /* FlipView */,
				9F4412EB163D9E5C00F3C645 /* KPCCmashup */,
				9F4412E4163D9E5C00F3C645 /* Frameworks */,
				9F4412E2163D9E5C00F3C645 /* Products */,
			);
			sourceTree = "<group>";
		};
		9F4412E2163D9E5C00F3C645 /* Products */ = {
			isa = PBXGroup;
			children = (
				9F4412E1163D9E5C00F3C645 /* KPCCmashup.app */,
			);
			name = Products;
			sourceTree = "<group>";
		};
		9F4412E4163D9E5C00F3C645 /* Frameworks */ = {
			isa = PBXGroup;
			children = (
				E4E35D731648C66000ECACEC /* ImageIO.framework */,
				9F5D20CC164432BB0070A450 /* QuartzCore.framework */,
				9F5D20CA1644329C0070A450 /* SystemConfiguration.framework */,
				9F5D20C5164431A50070A450 /* AudioToolbox.framework */,
				9F5D20C31644319A0070A450 /* AVFoundation.framework */,
				9F5D20C1164431950070A450 /* CoreMedia.framework */,
				9F5D20BB1644315F0070A450 /* CFNetwork.framework */,
				9F4412E5163D9E5C00F3C645 /* UIKit.framework */,
				9F4412E7163D9E5C00F3C645 /* Foundation.framework */,
				9F4412E9163D9E5C00F3C645 /* CoreGraphics.framework */,
			);
			name = Frameworks;
			sourceTree = "<group>";
		};
		9F4412EB163D9E5C00F3C645 /* KPCCmashup */ = {
			isa = PBXGroup;
			children = (
				E4E35D251648C36900ECACEC /* External */,
				9F4412F4163D9E5C00F3C645 /* BWCAppDelegate.h */,
				9F4412F5163D9E5C00F3C645 /* BWCAppDelegate.m */,
				9F4412FD163D9E5C00F3C645 /* MainStoryboard.storyboard */,
				9F5D20E216443A260070A450 /* View Controllers */,
				9F5D20E316443A300070A450 /* Models */,
				9F5D20E416443A3A0070A450 /* Utilities */,
				9F5D20AD164412030070A450 /* Xibs */,
				9F4412EC163D9E5C00F3C645 /* Supporting Files */,
			);
			path = KPCCmashup;
			sourceTree = "<group>";
		};
		9F4412EC163D9E5C00F3C645 /* Supporting Files */ = {
			isa = PBXGroup;
			children = (
				9F5D20E516443A470070A450 /* Resources */,
				9F4412ED163D9E5C00F3C645 /* KPCCmashup-Info.plist */,
				9F4412EE163D9E5C00F3C645 /* InfoPlist.strings */,
				9F4412F1163D9E5C00F3C645 /* main.m */,
				9F4412F3163D9E5C00F3C645 /* KPCCmashup-Prefix.pch */,
				9F4412F7163D9E5C00F3C645 /* Default.png */,
				9F4412F9163D9E5C00F3C645 /* Default@2x.png */,
				9F4412FB163D9E5C00F3C645 /* Default-568h@2x.png */,
			);
			name = "Supporting Files";
			sourceTree = "<group>";
		};
		9F5D20AD164412030070A450 /* Xibs */ = {
			isa = PBXGroup;
			children = (
				9F5D20A4164411EC0070A450 /* BWCArticleViewController.xib */,
				9F5D20CE164432E80070A450 /* AudioPlayerView.xib */,
				9F5D20DF1644366C0070A450 /* BWCOnDemandViewController.xib */,
			);
			name = Xibs;
			sourceTree = "<group>";
		};
		9F5D20D8164433060070A450 /* Buttons */ = {
			isa = PBXGroup;
			children = (
				9F6EAC7416497F7900F0A878 /* playbutton.png */,
				9F6EAC7516497F7900F0A878 /* playbutton@2x.png */,
				9F5D20D0164432FE0070A450 /* pausebutton.png */,
				9F5D20D1164432FE0070A450 /* pausebutton@2x.png */,
				9F6EAC831649A3B300F0A878 /* loadingbutton.png */,
				9F6EAC841649A3B300F0A878 /* loadingbutton@2x.png */,
			);
			name = Buttons;
			sourceTree = "<group>";
		};
		9F5D20E216443A260070A450 /* View Controllers */ = {
			isa = PBXGroup;
			children = (
				9F441300163D9E5C00F3C645 /* BWCViewController.h */,
				9F441301163D9E5C00F3C645 /* BWCViewController.m */,
				9F5D20DD1644366C0070A450 /* BWCOnDemandViewController.h */,
				9F5D20DE1644366C0070A450 /* BWCOnDemandViewController.m */,
				9F5D20A2164411EC0070A450 /* BWCArticleViewController.h */,
				9F5D20A3164411EC0070A450 /* BWCArticleViewController.m */,
				9F5D20B51644310F0070A450 /* AudioPlayerViewController.h */,
				9F5D20B61644310F0070A450 /* AudioPlayerViewController.m */,
			);
			name = "View Controllers";
			sourceTree = "<group>";
		};
		9F5D20E316443A300070A450 /* Models */ = {
			isa = PBXGroup;
			children = (
				9F6EAC971649ABB000F0A878 /* Cell.h */,
				9F6EAC981649ABB000F0A878 /* Cell.m */,
				9F6EAC8F1649A78000F0A878 /* PinchLayout.h */,
				9F6EAC901649A78000F0A878 /* PinchLayout.m */,
				9F5D20B71644310F0070A450 /* AudioStreamer.h */,
				9F5D20B81644310F0070A450 /* AudioStreamer.m */,
			);
			name = Models;
			sourceTree = "<group>";
		};
		9F5D20E416443A3A0070A450 /* Utilities */ = {
			isa = PBXGroup;
			children = (
				9F5D20C7164431EE0070A450 /* UIDevice-Hardware.h */,
				9F5D20C8164431EE0070A450 /* UIDevice-Hardware.m */,
			);
			name = Utilities;
			sourceTree = "<group>";
		};
		9F5D20E516443A470070A450 /* Resources */ = {
			isa = PBXGroup;
			children = (
				9F6EAC9E1649B16A00F0A878 /* item_1.png */,
				9F6EAC9F1649B16A00F0A878 /* item_2.png */,
				9F6EACA01649B16A00F0A878 /* item_3.png */,
				9F6EAC811649A10100F0A878 /* KPCC_logo.png */,
				9F6EAC7C1649818700F0A878 /* Launch images */,
				9F5D20D8164433060070A450 /* Buttons */,
			);
			name = Resources;
			sourceTree = "<group>";
		};
		E4D3004D1649A61600648B03 /* FlipView */ = {
			isa = PBXGroup;
			children = (
				E4D300981649ACFE00648B03 /* Controllers */,
				E4D300971649ACE400648B03 /* Layouts */,
				E4D300961649ACDC00648B03 /* AKPageFlipper */,
				E4D300951649ACD200648B03 /* Views */,
				E4D300941649ACC400648B03 /* Helpers */,
				E4D300931649ACB300648B03 /* Models */,
				E4D300921649AC9700648B03 /* images */,
			);
			name = FlipView;
			sourceTree = "<group>";
		};
		E4D300921649AC9700648B03 /* images */ = {
			isa = PBXGroup;
			children = (
				E4D300511649AC7C00648B03 /* close-popup.png */,
				E4D300531649AC7C00648B03 /* flip-illusion-oriented.jpg */,
				E4D300541649AC7C00648B03 /* flip-illusion.png */,
				E4D300711649AC7C00648B03 /* missing-people.png */,
				E4D300721649AC7C00648B03 /* selected-page.png */,
				E4D300771649AC7C00648B03 /* unselected-page.png */,
			);
			name = images;
			sourceTree = "<group>";
		};
		E4D300931649ACB300648B03 /* Models */ = {
			isa = PBXGroup;
			children = (
				E4D3006F1649AC7C00648B03 /* MessageModel.h */,
				E4D300701649AC7C00648B03 /* MessageModel.m */,
			);
			name = Models;
			sourceTree = "<group>";
		};
		E4D300941649ACC400648B03 /* Helpers */ = {
			isa = PBXGroup;
			children = (
				E4D300521649AC7C00648B03 /* ColorHelper.h */,
			);
			name = Helpers;
			sourceTree = "<group>";
		};
		E4D300951649ACD200648B03 /* Views */ = {
			isa = PBXGroup;
			children = (
				E4D300731649AC7C00648B03 /* TitleAndTextView.h */,
				E4D300741649AC7C00648B03 /* TitleAndTextView.m */,
				E4D300751649AC7C00648B03 /* UIViewExtention.h */,
				E4D300761649AC7C00648B03 /* UIViewExtention.m */,
				E4D300571649AC7C00648B03 /* FooterView.h */,
				E4D300581649AC7C00648B03 /* FooterView.m */,
				E4D300591649AC7C00648B03 /* FullScreenView.h */,
				E4D3005A1649AC7C00648B03 /* FullScreenView.m */,
				E4D3005B1649AC7C00648B03 /* HeaderView.h */,
				E4D3005C1649AC7C00648B03 /* HeaderView.m */,
			);
			name = Views;
			sourceTree = "<group>";
		};
		E4D300961649ACDC00648B03 /* AKPageFlipper */ = {
			isa = PBXGroup;
			children = (
				E4D3004F1649AC7C00648B03 /* AFKPageFlipper.h */,
				E4D300501649AC7C00648B03 /* AFKPageFlipper.m */,
			);
			name = AKPageFlipper;
			sourceTree = "<group>";
		};
		E4D300971649ACE400648B03 /* Layouts */ = {
			isa = PBXGroup;
			children = (
				E4D3005D1649AC7C00648B03 /* Layout1.h */,
				E4D3005E1649AC7C00648B03 /* Layout1.m */,
				E4D3005F1649AC7C00648B03 /* Layout2.h */,
				E4D300601649AC7C00648B03 /* Layout2.m */,
				E4D300611649AC7C00648B03 /* Layout3.h */,
				E4D300621649AC7C00648B03 /* Layout3.m */,
				E4D300631649AC7C00648B03 /* Layout4.h */,
				E4D300641649AC7C00648B03 /* Layout4.m */,
				E4D300651649AC7C00648B03 /* Layout5.h */,
				E4D300661649AC7C00648B03 /* Layout5.m */,
				E4D300671649AC7C00648B03 /* Layout6.h */,
				E4D300681649AC7C00648B03 /* Layout6.m */,
				E4D300691649AC7C00648B03 /* Layout7.h */,
				E4D3006A1649AC7C00648B03 /* Layout7.m */,
				E4D3006B1649AC7C00648B03 /* Layout8.h */,
				E4D3006C1649AC7C00648B03 /* Layout8.m */,
				E4D3006D1649AC7C00648B03 /* LayoutViewExtention.h */,
				E4D3006E1649AC7C00648B03 /* LayoutViewExtention.m */,
			);
			name = Layouts;
			sourceTree = "<group>";
		};
		E4D300981649ACFE00648B03 /* Controllers */ = {
			isa = PBXGroup;
			children = (
				E4D300781649AC7C00648B03 /* WallViewController.h */,
				E4D300791649AC7C00648B03 /* WallViewController.m */,
			);
			name = Controllers;
		9F6EAC7C1649818700F0A878 /* Launch images */ = {
			isa = PBXGroup;
			children = (
				9F6EAC7A1649817800F0A878 /* Default-Portrait@2x~ipad.png */,
				9F6EAC781649817000F0A878 /* Default-Portrait~ipad.png */,
			);
			name = "Launch images";
			sourceTree = "<group>";
		};
		E4E35D251648C36900ECACEC /* External */ = {
			isa = PBXGroup;
			children = (
				E4E35D671648C4BB00ECACEC /* Categories */,
				E4E35D5B1648C46E00ECACEC /* MWFeedParser */,
				E4E35D3B1648C39000ECACEC /* SDWebImage */,
			);
			name = External;
			sourceTree = "<group>";
		};
		E4E35D3B1648C39000ECACEC /* SDWebImage */ = {
			isa = PBXGroup;
			children = (
				E4E35D3C1648C40C00ECACEC /* SDImageCache.h */,
				E4E35D3D1648C40C00ECACEC /* SDImageCache.m */,
				E4E35D3E1648C40C00ECACEC /* SDImageCacheDelegate.h */,
				E4E35D3F1648C40C00ECACEC /* SDWebImageCompat.h */,
				E4E35D401648C40C00ECACEC /* SDWebImageDecoder.h */,
				E4E35D411648C40C00ECACEC /* SDWebImageDecoder.m */,
				E4E35D421648C40C00ECACEC /* SDWebImageDownloader.h */,
				E4E35D431648C40C00ECACEC /* SDWebImageDownloader.m */,
				E4E35D441648C40C00ECACEC /* SDWebImageDownloaderDelegate.h */,
				E4E35D451648C40C00ECACEC /* SDWebImageManager.h */,
				E4E35D461648C40C00ECACEC /* SDWebImageManager.m */,
				E4E35D471648C40C00ECACEC /* SDWebImageManagerDelegate.h */,
				E4E35D481648C40C00ECACEC /* SDWebImagePrefetcher.h */,
				E4E35D491648C40C00ECACEC /* SDWebImagePrefetcher.m */,
				E4E35D4A1648C40C00ECACEC /* UIButton+WebCache.h */,
				E4E35D4B1648C40C00ECACEC /* UIButton+WebCache.m */,
				E4E35D4C1648C40C00ECACEC /* UIDevice-Hardware.h */,
				E4E35D4D1648C40C00ECACEC /* UIDevice-Hardware.m */,
				E4E35D4E1648C40C00ECACEC /* UIImage+animatedGIF.h */,
				E4E35D4F1648C40C00ECACEC /* UIImage+animatedGIF.m */,
				E4E35D501648C40C00ECACEC /* UIImageView+WebCache.h */,
				E4E35D511648C40C00ECACEC /* UIImageView+WebCache.m */,
			);
			name = SDWebImage;
			sourceTree = "<group>";
		};
		E4E35D5B1648C46E00ECACEC /* MWFeedParser */ = {
			isa = PBXGroup;
			children = (
				E4E35D761648C8F200ECACEC /* MWFeedInfo.h */,
				E4E35D771648C8F200ECACEC /* MWFeedInfo.m */,
				E4E35D781648C8F200ECACEC /* MWFeedItem.h */,
				E4E35D791648C8F200ECACEC /* MWFeedItem.m */,
				E4E35D7A1648C8F200ECACEC /* MWFeedParser_Private.h */,
				E4E35D7B1648C8F200ECACEC /* MWFeedParser.h */,
				E4E35D7C1648C8F200ECACEC /* MWFeedParser.m */,
			);
			name = MWFeedParser;
			path = External/MWFeedParser;
			sourceTree = "<group>";
		};
		E4E35D671648C4BB00ECACEC /* Categories */ = {
			isa = PBXGroup;
			children = (
				E4E35D6A1648C4F400ECACEC /* Google Toolbox for Mac */,
				E4E35D631648C4AB00ECACEC /* NSString+HTML.h */,
				E4E35D641648C4AB00ECACEC /* NSString+HTML.m */,
				E4E35D651648C4AC00ECACEC /* NSDate+InternetDateTime.h */,
				E4E35D661648C4AC00ECACEC /* NSDate+InternetDateTime.m */,
			);
			name = Categories;
			sourceTree = "<group>";
		};
		E4E35D6A1648C4F400ECACEC /* Google Toolbox for Mac */ = {
			isa = PBXGroup;
			children = (
				E4E35D681648C4E700ECACEC /* GTMNSString+HTML.h */,
				E4E35D691648C4E700ECACEC /* GTMNSString+HTML.m */,
			);
			name = "Google Toolbox for Mac";
			sourceTree = "<group>";
		};
/* End PBXGroup section */

/* Begin PBXNativeTarget section */
		9F4412E0163D9E5C00F3C645 /* KPCCmashup */ = {
			isa = PBXNativeTarget;
			buildConfigurationList = 9F441305163D9E5C00F3C645 /* Build configuration list for PBXNativeTarget "KPCCmashup" */;
			buildPhases = (
				9F4412DD163D9E5C00F3C645 /* Sources */,
				9F4412DE163D9E5C00F3C645 /* Frameworks */,
				9F4412DF163D9E5C00F3C645 /* Resources */,
			);
			buildRules = (
			);
			dependencies = (
			);
			name = KPCCmashup;
			productName = KPCCmashup;
			productReference = 9F4412E1163D9E5C00F3C645 /* KPCCmashup.app */;
			productType = "com.apple.product-type.application";
		};
/* End PBXNativeTarget section */

/* Begin PBXProject section */
		9F4412D8163D9E5C00F3C645 /* Project object */ = {
			isa = PBXProject;
			attributes = {
				CLASSPREFIX = BWC;
				LastUpgradeCheck = 0450;
				ORGANIZATIONNAME = "Better World Coding";
			};
			buildConfigurationList = 9F4412DB163D9E5C00F3C645 /* Build configuration list for PBXProject "KPCCmashup" */;
			compatibilityVersion = "Xcode 3.2";
			developmentRegion = English;
			hasScannedForEncodings = 0;
			knownRegions = (
				en,
			);
			mainGroup = 9F4412D6163D9E5C00F3C645;
			productRefGroup = 9F4412E2163D9E5C00F3C645 /* Products */;
			projectDirPath = "";
			projectRoot = "";
			targets = (
				9F4412E0163D9E5C00F3C645 /* KPCCmashup */,
			);
		};
/* End PBXProject section */

/* Begin PBXResourcesBuildPhase section */
		9F4412DF163D9E5C00F3C645 /* Resources */ = {
			isa = PBXResourcesBuildPhase;
			buildActionMask = 2147483647;
			files = (
				9F4412F0163D9E5C00F3C645 /* InfoPlist.strings in Resources */,
				9F4412F8163D9E5C00F3C645 /* Default.png in Resources */,
				9F4412FA163D9E5C00F3C645 /* Default@2x.png in Resources */,
				9F4412FC163D9E5C00F3C645 /* Default-568h@2x.png in Resources */,
				9F4412FF163D9E5C00F3C645 /* MainStoryboard.storyboard in Resources */,
				9F5D20A6164411EC0070A450 /* BWCArticleViewController.xib in Resources */,
				9F5D20CF164432E80070A450 /* AudioPlayerView.xib in Resources */,
				9F5D20D4164432FE0070A450 /* pausebutton.png in Resources */,
				9F5D20D5164432FE0070A450 /* pausebutton@2x.png in Resources */,
				9F5D20E11644366D0070A450 /* BWCOnDemandViewController.xib in Resources */,
				E4D3007B1649AC7C00648B03 /* close-popup.png in Resources */,
				E4D3007C1649AC7C00648B03 /* flip-illusion-oriented.jpg in Resources */,
				E4D3007D1649AC7C00648B03 /* flip-illusion.png in Resources */,
				E4D3008C1649AC7C00648B03 /* missing-people.png in Resources */,
				E4D3008D1649AC7C00648B03 /* selected-page.png in Resources */,
				E4D300901649AC7C00648B03 /* unselected-page.png in Resources */,
				9F6EAC7616497F7900F0A878 /* playbutton.png in Resources */,
				9F6EAC7716497F7900F0A878 /* playbutton@2x.png in Resources */,
				9F6EAC791649817000F0A878 /* Default-Portrait~ipad.png in Resources */,
				9F6EAC7B1649817800F0A878 /* Default-Portrait@2x~ipad.png in Resources */,
				9F6EAC821649A10100F0A878 /* KPCC_logo.png in Resources */,
				9F6EAC851649A3B300F0A878 /* loadingbutton.png in Resources */,
				9F6EAC861649A3B300F0A878 /* loadingbutton@2x.png in Resources */,
				9F6EACA11649B16A00F0A878 /* item_1.png in Resources */,
				9F6EACA21649B16A00F0A878 /* item_2.png in Resources */,
				9F6EACA31649B16A00F0A878 /* item_3.png in Resources */,
			);
			runOnlyForDeploymentPostprocessing = 0;
		};
/* End PBXResourcesBuildPhase section */

/* Begin PBXSourcesBuildPhase section */
		9F4412DD163D9E5C00F3C645 /* Sources */ = {
			isa = PBXSourcesBuildPhase;
			buildActionMask = 2147483647;
			files = (
				9F4412F2163D9E5C00F3C645 /* main.m in Sources */,
				9F4412F6163D9E5C00F3C645 /* BWCAppDelegate.m in Sources */,
				9F441302163D9E5C00F3C645 /* BWCViewController.m in Sources */,
				9F5D20A5164411EC0070A450 /* BWCArticleViewController.m in Sources */,
				9F5D20B91644310F0070A450 /* AudioPlayerViewController.m in Sources */,
				9F5D20BA1644310F0070A450 /* AudioStreamer.m in Sources */,
				9F5D20C9164431EE0070A450 /* UIDevice-Hardware.m in Sources */,
				9F5D20E01644366D0070A450 /* BWCOnDemandViewController.m in Sources */,
				E4E35D521648C40C00ECACEC /* SDImageCache.m in Sources */,
				E4E35D531648C40C00ECACEC /* SDWebImageDecoder.m in Sources */,
				E4E35D541648C40C00ECACEC /* SDWebImageDownloader.m in Sources */,
				E4E35D551648C40C00ECACEC /* SDWebImageManager.m in Sources */,
				E4E35D561648C40C00ECACEC /* SDWebImagePrefetcher.m in Sources */,
				E4E35D571648C40C00ECACEC /* UIButton+WebCache.m in Sources */,
				E4E35D581648C40C00ECACEC /* UIDevice-Hardware.m in Sources */,
				E4E35D591648C40C00ECACEC /* UIImage+animatedGIF.m in Sources */,
				E4E35D5A1648C40C00ECACEC /* UIImageView+WebCache.m in Sources */,
				E4E35D7D1648C8F200ECACEC /* MWFeedInfo.m in Sources */,
				E4E35D7E1648C8F200ECACEC /* MWFeedItem.m in Sources */,
				E4E35D7F1648C8F200ECACEC /* MWFeedParser.m in Sources */,
				E4D3007A1649AC7C00648B03 /* AFKPageFlipper.m in Sources */,
				E4D3007F1649AC7C00648B03 /* FooterView.m in Sources */,
				E4D300801649AC7C00648B03 /* FullScreenView.m in Sources */,
				E4D300811649AC7C00648B03 /* HeaderView.m in Sources */,
				E4D300821649AC7C00648B03 /* Layout1.m in Sources */,
				E4D300831649AC7C00648B03 /* Layout2.m in Sources */,
				E4D300841649AC7C00648B03 /* Layout3.m in Sources */,
				E4D300851649AC7C00648B03 /* Layout4.m in Sources */,
				E4D300861649AC7C00648B03 /* Layout5.m in Sources */,
				E4D300871649AC7C00648B03 /* Layout6.m in Sources */,
				E4D300881649AC7C00648B03 /* Layout7.m in Sources */,
				E4D300891649AC7C00648B03 /* Layout8.m in Sources */,
				E4D3008A1649AC7C00648B03 /* LayoutViewExtention.m in Sources */,
				E4D3008B1649AC7C00648B03 /* MessageModel.m in Sources */,
				E4D3008E1649AC7C00648B03 /* TitleAndTextView.m in Sources */,
				E4D3008F1649AC7C00648B03 /* UIViewExtention.m in Sources */,
				E4D300911649AC7C00648B03 /* WallViewController.m in Sources */,
				9F6EAC911649A78000F0A878 /* PinchLayout.m in Sources */,
				9F6EAC991649ABB000F0A878 /* Cell.m in Sources */,
			);
			runOnlyForDeploymentPostprocessing = 0;
		};
/* End PBXSourcesBuildPhase section */

/* Begin PBXVariantGroup section */
		9F4412EE163D9E5C00F3C645 /* InfoPlist.strings */ = {
			isa = PBXVariantGroup;
			children = (
				9F4412EF163D9E5C00F3C645 /* en */,
			);
			name = InfoPlist.strings;
			sourceTree = "<group>";
		};
		9F4412FD163D9E5C00F3C645 /* MainStoryboard.storyboard */ = {
			isa = PBXVariantGroup;
			children = (
				9F4412FE163D9E5C00F3C645 /* en */,
			);
			name = MainStoryboard.storyboard;
			sourceTree = "<group>";
		};
/* End PBXVariantGroup section */

/* Begin XCBuildConfiguration section */
		9F441303163D9E5C00F3C645 /* Debug */ = {
			isa = XCBuildConfiguration;
			buildSettings = {
				ALWAYS_SEARCH_USER_PATHS = NO;
				CLANG_CXX_LANGUAGE_STANDARD = "gnu++0x";
				CLANG_CXX_LIBRARY = "libc++";
				CLANG_ENABLE_OBJC_ARC = YES;
				CLANG_WARN_EMPTY_BODY = YES;
				CLANG_WARN__DUPLICATE_METHOD_MATCH = YES;
				"CODE_SIGN_IDENTITY[sdk=iphoneos*]" = "iPhone Developer";
				COPY_PHASE_STRIP = NO;
				GCC_C_LANGUAGE_STANDARD = gnu99;
				GCC_DYNAMIC_NO_PIC = NO;
				GCC_OPTIMIZATION_LEVEL = 0;
				GCC_PREPROCESSOR_DEFINITIONS = (
					"DEBUG=1",
					"$(inherited)",
				);
				GCC_SYMBOLS_PRIVATE_EXTERN = NO;
				GCC_WARN_ABOUT_RETURN_TYPE = YES;
				GCC_WARN_UNINITIALIZED_AUTOS = YES;
				GCC_WARN_UNUSED_VARIABLE = YES;
				IPHONEOS_DEPLOYMENT_TARGET = 6.0;
				ONLY_ACTIVE_ARCH = YES;
				SDKROOT = iphoneos;
				TARGETED_DEVICE_FAMILY = 2;
			};
			name = Debug;
		};
		9F441304163D9E5C00F3C645 /* Release */ = {
			isa = XCBuildConfiguration;
			buildSettings = {
				ALWAYS_SEARCH_USER_PATHS = NO;
				CLANG_CXX_LANGUAGE_STANDARD = "gnu++0x";
				CLANG_CXX_LIBRARY = "libc++";
				CLANG_ENABLE_OBJC_ARC = YES;
				CLANG_WARN_EMPTY_BODY = YES;
				CLANG_WARN__DUPLICATE_METHOD_MATCH = YES;
				"CODE_SIGN_IDENTITY[sdk=iphoneos*]" = "iPhone Developer";
				COPY_PHASE_STRIP = YES;
				GCC_C_LANGUAGE_STANDARD = gnu99;
				GCC_WARN_ABOUT_RETURN_TYPE = YES;
				GCC_WARN_UNINITIALIZED_AUTOS = YES;
				GCC_WARN_UNUSED_VARIABLE = YES;
				IPHONEOS_DEPLOYMENT_TARGET = 6.0;
				OTHER_CFLAGS = "-DNS_BLOCK_ASSERTIONS=1";
				SDKROOT = iphoneos;
				TARGETED_DEVICE_FAMILY = 2;
				VALIDATE_PRODUCT = YES;
			};
			name = Release;
		};
		9F441306163D9E5C00F3C645 /* Debug */ = {
			isa = XCBuildConfiguration;
			buildSettings = {
				GCC_PRECOMPILE_PREFIX_HEADER = YES;
				GCC_PREFIX_HEADER = "KPCCmashup/KPCCmashup-Prefix.pch";
				INFOPLIST_FILE = "KPCCmashup/KPCCmashup-Info.plist";
				IPHONEOS_DEPLOYMENT_TARGET = 6.0;
				PRODUCT_NAME = "$(TARGET_NAME)";
				WRAPPER_EXTENSION = app;
			};
			name = Debug;
		};
		9F441307163D9E5C00F3C645 /* Release */ = {
			isa = XCBuildConfiguration;
			buildSettings = {
				GCC_PRECOMPILE_PREFIX_HEADER = YES;
				GCC_PREFIX_HEADER = "KPCCmashup/KPCCmashup-Prefix.pch";
				INFOPLIST_FILE = "KPCCmashup/KPCCmashup-Info.plist";
				IPHONEOS_DEPLOYMENT_TARGET = 6.0;
				PRODUCT_NAME = "$(TARGET_NAME)";
				WRAPPER_EXTENSION = app;
			};
			name = Release;
		};
/* End XCBuildConfiguration section */

/* Begin XCConfigurationList section */
		9F4412DB163D9E5C00F3C645 /* Build configuration list for PBXProject "KPCCmashup" */ = {
			isa = XCConfigurationList;
			buildConfigurations = (
				9F441303163D9E5C00F3C645 /* Debug */,
				9F441304163D9E5C00F3C645 /* Release */,
			);
			defaultConfigurationIsVisible = 0;
			defaultConfigurationName = Release;
		};
		9F441305163D9E5C00F3C645 /* Build configuration list for PBXNativeTarget "KPCCmashup" */ = {
			isa = XCConfigurationList;
			buildConfigurations = (
				9F441306163D9E5C00F3C645 /* Debug */,
				9F441307163D9E5C00F3C645 /* Release */,
			);
			defaultConfigurationIsVisible = 0;
			defaultConfigurationName = Release;
		};
/* End XCConfigurationList section */
	};
	rootObject = 9F4412D8163D9E5C00F3C645 /* Project object */;
}
